
Microsoft Visual Studio Solution File, Format Version 12.00
# Visual Studio 14
VisualStudioVersion = 14.0.25420.1
MinimumVisualStudioVersion = 10.0.40219.1
Project("{FAE04EC0-301F-11D3-BF4B-00C04F79EFBC}") = "DocumentPublishChallenge.Web", "DocumentPublishChallenge.Web\DocumentPublishChallenge.Web.csproj", "{6B6968C4-71E0-4D95-ABAA-7EB9DD90FBA1}"
EndProject
Project("{FAE04EC0-301F-11D3-BF4B-00C04F79EFBC}") = "DocumentPublishChallenge.Service", "DocumentPublishChallenge.Service\DocumentPublishChallenge.Service.csproj", "{35ADC2E6-19D3-4093-A8FF-3F919C2E8B3F}"
EndProject
Project("{FAE04EC0-301F-11D3-BF4B-00C04F79EFBC}") = "DocumentPublishChallenge.Domain", "DocumentPublishChallenge.Domain\DocumentPublishChallenge.Domain.csproj", "{DE2B2B58-B420-494F-903E-5708148CC062}"
EndProject
Project("{FAE04EC0-301F-11D3-BF4B-00C04F79EFBC}") = "DocumentPublishChallenge.DataAccessLayer", "DocumentPublishChallenge.DataAccessLayer\DocumentPublishChallenge.DataAccessLayer.csproj", "{82DEA678-2171-4A45-B311-B6B623B12AF5}"
EndProject
Global
	GlobalSection(SolutionConfigurationPlatforms) = preSolution
		Debug|Any CPU = Debug|Any CPU
		Release|Any CPU = Release|Any CPU
	EndGlobalSection
	GlobalSection(ProjectConfigurationPlatforms) = postSolution
		{6B6968C4-71E0-4D95-ABAA-7EB9DD90FBA1}.Debug|Any CPU.ActiveCfg = Debug|Any CPU
		{6B6968C4-71E0-4D95-ABAA-7EB9DD90FBA1}.Debug|Any CPU.Build.0 = Debug|Any CPU
		{6B6968C4-71E0-4D95-ABAA-7EB9DD90FBA1}.Release|Any CPU.ActiveCfg = Release|Any CPU
		{6B6968C4-71E0-4D95-ABAA-7EB9DD90FBA1}.Release|Any CPU.Build.0 = Release|Any CPU
		{35ADC2E6-19D3-4093-A8FF-3F919C2E8B3F}.Debug|Any CPU.ActiveCfg = Debug|Any CPU
		{35ADC2E6-19D3-4093-A8FF-3F919C2E8B3F}.Debug|Any CPU.Build.0 = Debug|Any CPU
		{35ADC2E6-19D3-4093-A8FF-3F919C2E8B3F}.Release|Any CPU.ActiveCfg = Release|Any CPU
		{35ADC2E6-19D3-4093-A8FF-3F919C2E8B3F}.Release|Any CPU.Build.0 = Release|Any CPU
		{DE2B2B58-B420-494F-903E-5708148CC062}.Debug|Any CPU.ActiveCfg = Debug|Any CPU
		{DE2B2B58-B420-494F-903E-5708148CC062}.Debug|Any CPU.Build.0 = Debug|Any CPU
		{DE2B2B58-B420-494F-903E-5708148CC062}.Release|Any CPU.ActiveCfg = Release|Any CPU
		{DE2B2B58-B420-494F-903E-5708148CC062}.Release|Any CPU.Build.0 = Release|Any CPU
		{82DEA678-2171-4A45-B311-B6B623B12AF5}.Debug|Any CPU.ActiveCfg = Debug|Any CPU
		{82DEA678-2171-4A45-B311-B6B623B12AF5}.Debug|Any CPU.Build.0 = Debug|Any CPU
		{82DEA678-2171-4A45-B311-B6B623B12AF5}.Release|Any CPU.ActiveCfg = Release|Any CPU
		{82DEA678-2171-4A45-B311-B6B623B12AF5}.Release|Any CPU.Build.0 = Release|Any CPU
	EndGlobalSection
	GlobalSection(SolutionProperties) = preSolution
		HideSolutionNode = FALSE
	EndGlobalSection
EndGlobal
